{
  "name": "forensic-legal-analyzer",
  "version": "2.0.0",
  "lockfileVersion": 3,
  "requires": true,
  "packages": {
    "": {
      "name": "forensic-legal-analyzer",
      "version": "2.0.0",
      "license": "PROPRIETARY",
      "devDependencies": {},
      "engines": {
        "node": ">=14.0.0"
      }
    }
  }
}
